
Microsoft Visual Studio Solution File, Format Version 12.00
# Visual Studio Version 16
VisualStudioVersion = 16.0.31019.35
MinimumVisualStudioVersion = 10.0.40219.1
Project("{FAE04EC0-301F-11D3-BF4B-00C04F79EFBC}") = "AddressBook", "AddressBook.csproj", "{90CBDEBD-22ED-41BA-920F-8FC68FDCBB75}"
EndProject
Global
	GlobalSection(SolutionConfigurationPlatforms) = preSolution
		Debug|Any CPU = Debug|Any CPU
		Release|Any CPU = Release|Any CPU
	EndGlobalSection
	GlobalSection(ProjectConfigurationPlatforms) = postSolution
		{90CBDEBD-22ED-41BA-920F-8FC68FDCBB75}.Debug|Any CPU.ActiveCfg = Debug|Any CPU
		{90CBDEBD-22ED-41BA-920F-8FC68FDCBB75}.Debug|Any CPU.Build.0 = Debug|Any CPU
		{90CBDEBD-22ED-41BA-920F-8FC68FDCBB75}.Release|Any CPU.ActiveCfg = Release|Any CPU
		{90CBDEBD-22ED-41BA-920F-8FC68FDCBB75}.Release|Any CPU.Build.0 = Release|Any CPU
	EndGlobalSection
	GlobalSection(SolutionProperties) = preSolution
		HideSolutionNode = FALSE
	EndGlobalSection
	GlobalSection(ExtensibilityGlobals) = postSolution
		SolutionGuid = {6F5048D4-2D92-4DC5-96B8-A2544E3FE715}
	EndGlobalSection
EndGlobal
